
Microsoft Visual Studio Solution File, Format Version 11.00
# Visual Studio 2010
Project("{8BC9CEB8-8B4A-11D0-8D11-00A0C91BC942}") = "ctf", "ctf\ctf.vcxproj", "{18320470-F45B-773C-9E40-905206451F62}"
EndProject
Project("{8BC9CEB8-8B4A-11D0-8D11-00A0C91BC942}") = "game", "game\game.vcxproj", "{69C0F1D4-C107-A543-B977-0360ED221748}"
EndProject
Project("{8BC9CEB8-8B4A-11D0-8D11-00A0C91BC942}") = "quake2", "quake2.vcxproj", "{F4D20D96-B5B1-922B-16AC-06EA35F8F6E7}"
	ProjectSection(ProjectDependencies) = postProject
		{18320470-F45B-773C-9E40-905206451F62} = {18320470-F45B-773C-9E40-905206451F62}
		{69C0F1D4-C107-A543-B977-0360ED221748} = {69C0F1D4-C107-A543-B977-0360ED221748}
		{F07BDDE8-C1FE-00D2-1B94-63F329EEBF60} = {F07BDDE8-C1FE-00D2-1B94-63F329EEBF60}
	EndProjectSection
EndProject
Project("{8BC9CEB8-8B4A-11D0-8D11-00A0C91BC942}") = "ref_gl", "ref_gl\ref_gl.vcxproj", "{F07BDDE8-C1FE-00D2-1B94-63F329EEBF60}"
EndProject
Project("{8BC9CEB8-8B4A-11D0-8D11-00A0C91BC942}") = "ref_soft", "ref_soft\ref_soft.vcxproj", "{0EA5FD06-589B-6EC5-BE1E-E4CD6A907462}"
EndProject
Global
	GlobalSection(SolutionConfigurationPlatforms) = preSolution
		Debug Alpha|Win32 = Debug Alpha|Win32
		Debug|Win32 = Debug|Win32
		Release Alpha|Win32 = Release Alpha|Win32
		Release|Win32 = Release|Win32
		Template|Win32 = Template|Win32
	EndGlobalSection
	GlobalSection(ProjectConfigurationPlatforms) = postSolution
		{18320470-F45B-773C-9E40-905206451F62}.Debug Alpha|Win32.ActiveCfg = Debug Alpha|Win32
		{18320470-F45B-773C-9E40-905206451F62}.Debug Alpha|Win32.Build.0 = Debug Alpha|Win32
		{18320470-F45B-773C-9E40-905206451F62}.Debug|Win32.ActiveCfg = Debug|Win32
		{18320470-F45B-773C-9E40-905206451F62}.Debug|Win32.Build.0 = Debug|Win32
		{18320470-F45B-773C-9E40-905206451F62}.Release Alpha|Win32.ActiveCfg = Release Alpha|Win32
		{18320470-F45B-773C-9E40-905206451F62}.Release Alpha|Win32.Build.0 = Release Alpha|Win32
		{18320470-F45B-773C-9E40-905206451F62}.Release|Win32.ActiveCfg = Release|Win32
		{18320470-F45B-773C-9E40-905206451F62}.Release|Win32.Build.0 = Release|Win32
		{18320470-F45B-773C-9E40-905206451F62}.Template|Win32.ActiveCfg = Release|Win32
		{18320470-F45B-773C-9E40-905206451F62}.Template|Win32.Build.0 = Release|Win32
		{69C0F1D4-C107-A543-B977-0360ED221748}.Debug Alpha|Win32.ActiveCfg = Debug Alpha|Win32
		{69C0F1D4-C107-A543-B977-0360ED221748}.Debug Alpha|Win32.Build.0 = Debug Alpha|Win32
		{69C0F1D4-C107-A543-B977-0360ED221748}.Debug|Win32.ActiveCfg = Debug|Win32
		{69C0F1D4-C107-A543-B977-0360ED221748}.Debug|Win32.Build.0 = Debug|Win32
		{69C0F1D4-C107-A543-B977-0360ED221748}.Release Alpha|Win32.ActiveCfg = Release Alpha|Win32
		{69C0F1D4-C107-A543-B977-0360ED221748}.Release Alpha|Win32.Build.0 = Release Alpha|Win32
		{69C0F1D4-C107-A543-B977-0360ED221748}.Release|Win32.ActiveCfg = Release|Win32
		{69C0F1D4-C107-A543-B977-0360ED221748}.Release|Win32.Build.0 = Release|Win32
		{69C0F1D4-C107-A543-B977-0360ED221748}.Template|Win32.ActiveCfg = Template|Win32
		{69C0F1D4-C107-A543-B977-0360ED221748}.Template|Win32.Build.0 = Template|Win32
		{F4D20D96-B5B1-922B-16AC-06EA35F8F6E7}.Debug Alpha|Win32.ActiveCfg = Debug Alpha|Win32
		{F4D20D96-B5B1-922B-16AC-06EA35F8F6E7}.Debug Alpha|Win32.Build.0 = Debug Alpha|Win32
		{F4D20D96-B5B1-922B-16AC-06EA35F8F6E7}.Debug|Win32.ActiveCfg = Debug|Win32
		{F4D20D96-B5B1-922B-16AC-06EA35F8F6E7}.Debug|Win32.Build.0 = Debug|Win32
		{F4D20D96-B5B1-922B-16AC-06EA35F8F6E7}.Release Alpha|Win32.ActiveCfg = Release Alpha|Win32
		{F4D20D96-B5B1-922B-16AC-06EA35F8F6E7}.Release Alpha|Win32.Build.0 = Release Alpha|Win32
		{F4D20D96-B5B1-922B-16AC-06EA35F8F6E7}.Release|Win32.ActiveCfg = Release|Win32
		{F4D20D96-B5B1-922B-16AC-06EA35F8F6E7}.Release|Win32.Build.0 = Release|Win32
		{F4D20D96-B5B1-922B-16AC-06EA35F8F6E7}.Template|Win32.ActiveCfg = Template|Win32
		{F4D20D96-B5B1-922B-16AC-06EA35F8F6E7}.Template|Win32.Build.0 = Template|Win32
		{F07BDDE8-C1FE-00D2-1B94-63F329EEBF60}.Debug Alpha|Win32.ActiveCfg = Debug Alpha|Win32
		{F07BDDE8-C1FE-00D2-1B94-63F329EEBF60}.Debug Alpha|Win32.Build.0 = Debug Alpha|Win32
		{F07BDDE8-C1FE-00D2-1B94-63F329EEBF60}.Debug|Win32.ActiveCfg = Debug|Win32
		{F07BDDE8-C1FE-00D2-1B94-63F329EEBF60}.Debug|Win32.Build.0 = Debug|Win32
		{F07BDDE8-C1FE-00D2-1B94-63F329EEBF60}.Release Alpha|Win32.ActiveCfg = Release Alpha|Win32
		{F07BDDE8-C1FE-00D2-1B94-63F329EEBF60}.Release Alpha|Win32.Build.0 = Release Alpha|Win32
		{F07BDDE8-C1FE-00D2-1B94-63F329EEBF60}.Release|Win32.ActiveCfg = Release|Win32
		{F07BDDE8-C1FE-00D2-1B94-63F329EEBF60}.Release|Win32.Build.0 = Release|Win32
		{F07BDDE8-C1FE-00D2-1B94-63F329EEBF60}.Template|Win32.ActiveCfg = Template|Win32
		{F07BDDE8-C1FE-00D2-1B94-63F329EEBF60}.Template|Win32.Build.0 = Template|Win32
		{0EA5FD06-589B-6EC5-BE1E-E4CD6A907462}.Debug Alpha|Win32.ActiveCfg = Debug Alpha|Win32
		{0EA5FD06-589B-6EC5-BE1E-E4CD6A907462}.Debug Alpha|Win32.Build.0 = Debug Alpha|Win32
		{0EA5FD06-589B-6EC5-BE1E-E4CD6A907462}.Debug|Win32.ActiveCfg = Debug|Win32
		{0EA5FD06-589B-6EC5-BE1E-E4CD6A907462}.Debug|Win32.Build.0 = Debug|Win32
		{0EA5FD06-589B-6EC5-BE1E-E4CD6A907462}.Release Alpha|Win32.ActiveCfg = Release Alpha|Win32
		{0EA5FD06-589B-6EC5-BE1E-E4CD6A907462}.Release Alpha|Win32.Build.0 = Release Alpha|Win32
		{0EA5FD06-589B-6EC5-BE1E-E4CD6A907462}.Release|Win32.ActiveCfg = Release|Win32
		{0EA5FD06-589B-6EC5-BE1E-E4CD6A907462}.Release|Win32.Build.0 = Release|Win32
		{0EA5FD06-589B-6EC5-BE1E-E4CD6A907462}.Template|Win32.ActiveCfg = Template|Win32
		{0EA5FD06-589B-6EC5-BE1E-E4CD6A907462}.Template|Win32.Build.0 = Template|Win32
	EndGlobalSection
	GlobalSection(SolutionProperties) = preSolution
		HideSolutionNode = FALSE
	EndGlobalSection
EndGlobal
